
Microsoft Visual Studio Solution File, Format Version 12.00
# Visual Studio 14
VisualStudioVersion = 14.0.25420.1
MinimumVisualStudioVersion = 10.0.40219.1
Project("{FAE04EC0-301F-11D3-BF4B-00C04F79EFBC}") = "SST.RS.ServiceTier", "SST.RS.ServiceTier\SST.RS.ServiceTier.csproj", "{22E81ADE-7B18-4766-8802-9DFEA92F9F4A}"
EndProject
Project("{FAE04EC0-301F-11D3-BF4B-00C04F79EFBC}") = "SST.RS.BusinessTier", "SST.RS.BusinessTier\SST.RS.BusinessTier.csproj", "{92AD0C71-475D-4E94-8807-5DC9C0B180DD}"
EndProject
Project("{FAE04EC0-301F-11D3-BF4B-00C04F79EFBC}") = "SST.RS.DataTier", "SST.RS.DataTier\SST.RS.DataTier.csproj", "{B6E348D9-0DB4-40C3-943D-608CDB1E91B5}"
EndProject
Project("{FAE04EC0-301F-11D3-BF4B-00C04F79EFBC}") = "SST.RS.Common", "SST.RS.Common\SST.RS.Common.csproj", "{0771B7D3-AFB2-4B22-BD84-52F9DDD7E9FE}"
EndProject
Project("{FAE04EC0-301F-11D3-BF4B-00C04F79EFBC}") = "SST.RS.StoreAdminGUI", "SST.RS.StoreAdminGUI\SST.RS.StoreAdminGUI.csproj", "{DACCC710-34B6-485B-913E-D5FE6BBFCBEF}"
EndProject
Project("{E24C65DC-7377-472B-9ABA-BC803B73C61A}") = "SST.RS.WCFServiceHost", "SST.RS.WCFServiceHost\", "{87D3037E-10D7-4BB7-84C8-06EAFF52E281}"
	ProjectSection(WebsiteProperties) = preProject
		TargetFrameworkMoniker = ".NETFramework,Version%3Dv4.5.2"
		ProjectReferences = "{22e81ade-7b18-4766-8802-9dfea92f9f4a}|SST.RS.ServiceTier.dll;{92AD0C71-475D-4E94-8807-5DC9C0B180DD}|SST.RS.BusinessTier.dll;{0771B7D3-AFB2-4B22-BD84-52F9DDD7E9FE}|SST.RS.Common.dll;{B6E348D9-0DB4-40C3-943D-608CDB1E91B5}|SST.RS.DataTier.dll;"
		Debug.AspNetCompiler.VirtualPath = "/localhost_55618"
		Debug.AspNetCompiler.PhysicalPath = "SST.RS.WCFServiceHost\"
		Debug.AspNetCompiler.TargetPath = "PrecompiledWeb\localhost_55618\"
		Debug.AspNetCompiler.Updateable = "true"
		Debug.AspNetCompiler.ForceOverwrite = "true"
		Debug.AspNetCompiler.FixedNames = "false"
		Debug.AspNetCompiler.Debug = "True"
		Release.AspNetCompiler.VirtualPath = "/localhost_55618"
		Release.AspNetCompiler.PhysicalPath = "SST.RS.WCFServiceHost\"
		Release.AspNetCompiler.TargetPath = "PrecompiledWeb\localhost_55618\"
		Release.AspNetCompiler.Updateable = "true"
		Release.AspNetCompiler.ForceOverwrite = "true"
		Release.AspNetCompiler.FixedNames = "false"
		Release.AspNetCompiler.Debug = "False"
		VWDPort = "55618"
		SlnRelativePath = "SST.RS.WCFServiceHost\"
		DefaultWebSiteLanguage = "Visual C#"
	EndProjectSection
EndProject
Global
	GlobalSection(SolutionConfigurationPlatforms) = preSolution
		Debug|Any CPU = Debug|Any CPU
		Release|Any CPU = Release|Any CPU
	EndGlobalSection
	GlobalSection(ProjectConfigurationPlatforms) = postSolution
		{22E81ADE-7B18-4766-8802-9DFEA92F9F4A}.Debug|Any CPU.ActiveCfg = Debug|Any CPU
		{22E81ADE-7B18-4766-8802-9DFEA92F9F4A}.Debug|Any CPU.Build.0 = Debug|Any CPU
		{22E81ADE-7B18-4766-8802-9DFEA92F9F4A}.Release|Any CPU.ActiveCfg = Release|Any CPU
		{22E81ADE-7B18-4766-8802-9DFEA92F9F4A}.Release|Any CPU.Build.0 = Release|Any CPU
		{92AD0C71-475D-4E94-8807-5DC9C0B180DD}.Debug|Any CPU.ActiveCfg = Debug|Any CPU
		{92AD0C71-475D-4E94-8807-5DC9C0B180DD}.Debug|Any CPU.Build.0 = Debug|Any CPU
		{92AD0C71-475D-4E94-8807-5DC9C0B180DD}.Release|Any CPU.ActiveCfg = Release|Any CPU
		{92AD0C71-475D-4E94-8807-5DC9C0B180DD}.Release|Any CPU.Build.0 = Release|Any CPU
		{B6E348D9-0DB4-40C3-943D-608CDB1E91B5}.Debug|Any CPU.ActiveCfg = Debug|Any CPU
		{B6E348D9-0DB4-40C3-943D-608CDB1E91B5}.Debug|Any CPU.Build.0 = Debug|Any CPU
		{B6E348D9-0DB4-40C3-943D-608CDB1E91B5}.Release|Any CPU.ActiveCfg = Release|Any CPU
		{B6E348D9-0DB4-40C3-943D-608CDB1E91B5}.Release|Any CPU.Build.0 = Release|Any CPU
		{0771B7D3-AFB2-4B22-BD84-52F9DDD7E9FE}.Debug|Any CPU.ActiveCfg = Debug|Any CPU
		{0771B7D3-AFB2-4B22-BD84-52F9DDD7E9FE}.Debug|Any CPU.Build.0 = Debug|Any CPU
		{0771B7D3-AFB2-4B22-BD84-52F9DDD7E9FE}.Release|Any CPU.ActiveCfg = Release|Any CPU
		{0771B7D3-AFB2-4B22-BD84-52F9DDD7E9FE}.Release|Any CPU.Build.0 = Release|Any CPU
		{DACCC710-34B6-485B-913E-D5FE6BBFCBEF}.Debug|Any CPU.ActiveCfg = Debug|Any CPU
		{DACCC710-34B6-485B-913E-D5FE6BBFCBEF}.Debug|Any CPU.Build.0 = Debug|Any CPU
		{DACCC710-34B6-485B-913E-D5FE6BBFCBEF}.Release|Any CPU.ActiveCfg = Release|Any CPU
		{DACCC710-34B6-485B-913E-D5FE6BBFCBEF}.Release|Any CPU.Build.0 = Release|Any CPU
		{87D3037E-10D7-4BB7-84C8-06EAFF52E281}.Debug|Any CPU.ActiveCfg = Debug|Any CPU
		{87D3037E-10D7-4BB7-84C8-06EAFF52E281}.Debug|Any CPU.Build.0 = Debug|Any CPU
		{87D3037E-10D7-4BB7-84C8-06EAFF52E281}.Release|Any CPU.ActiveCfg = Debug|Any CPU
		{87D3037E-10D7-4BB7-84C8-06EAFF52E281}.Release|Any CPU.Build.0 = Debug|Any CPU
	EndGlobalSection
	GlobalSection(SolutionProperties) = preSolution
		HideSolutionNode = FALSE
	EndGlobalSection
EndGlobal
